{
    "_meta": {
        "hash": {
            "sha256": "2d92f7337b5304ba208798a3616aa841de1b3f9b209408418869ed9a809a1a62"
        },
        "pipfile-spec": 6,
        "requires": {
            "python_version": "3.9"
        },
        "sources": [
            {
                "name": "pypi",
                "url": "https://pypi.org/simple",
                "verify_ssl": true
            }
        ]
    },
    "default": {
        "pymupdf": {
            "hashes": [
                "sha256:02eedf01f57c6bafb5e8667cea0088a2d2522643c47100f1908bec3a68a84888",
                "sha256:071732c5139150f1f7ba95d25c0b69919dee8494adc88a914872da5272b974d7",
                "sha256:18077adb58b7004bb396f952d27c89c6bf5dc521b4056ba4f95772c7e900a57a",
                "sha256:1bd2004a64f110dac255a86ec45245f17e84d81cf6f8f67608e45455cd1b5697",
                "sha256:1df02cca0fbb64c3dce4d6094f9ad91991d768ebe0c0efdee85294c7959db7c3",
                "sha256:2a82438b44723e7dcb47d156cf0299fcf3d09e970ee469081c3f9d79b8c40ce3",
                "sha256:2af5b16d2f7f78a8800906e30d650dbdbf38209e988e0796b57d1a938a59209a",
                "sha256:4045847e830598269be448bda21dc8ea332fce974c4cf3b1b6ca0d6231f2de0d",
                "sha256:5824103cf2ea3b492cb5b3c66ab16d61db65363ebdfb7ed28a2af93cb48dee4f",
                "sha256:5c0ee0df665849f8686981fcc8f836afac2302bb6a7aaf330e73fd5694017d9d",
                "sha256:61b07f6c389c690f28c79830a14c294bbc1679bd31edc4b6a42511c415434cbd",
                "sha256:6c50b8408dbbb921cfce7145ac0ae0e150955f9b2deed8cdddf03e830ca1e6a2",
                "sha256:73dbf73ac1c5cbf99dec903c98bc18eb30c8fe1d703ec5531296a5308700f001",
                "sha256:7d29a7db4b15dcb7632bb6afa197f12f95244ab15f7c73ccb219e3f7df4e79fa",
                "sha256:8074f005d247bbb6b43c0c1eba2a316d97cbf8345b456d37ee97c9cd2a7398cc",
                "sha256:9f2897fb4160b5fe2f80739ca9e101677e5694b5dcfda8026b0eb0b7e2db5615",
                "sha256:acadb4e61776cc2d6dd0196675db324411fccd64e8d68399dc8e6ca2cb943f49",
                "sha256:bddf7d617fba1b345d9aee8d533888e340ffa3f784910453608bc5541089023c",
                "sha256:d5afa38414c3cf10daaa627f3fc7e8653efbbc2e5f58335a37e743a5c52698d0",
                "sha256:e7214cf1870238d39ca008eda7c612b1db7228d7e913cb1a028e7a28175bef41",
                "sha256:e9cb960e234498a4e91e4b56e2e71f4c56fd0045c7a71315df8e03a33212dbeb"
            ],
            "index": "pypi",
            "version": "==1.20.2"
        }
    },
    "develop": {}
}
